
Microsoft Visual Studio Solution File, Format Version 12.00
# Visual Studio 15
VisualStudioVersion = 15.0.27004.2002
MinimumVisualStudioVersion = 10.0.40219.1
Project("{8BC9CEB8-8B4A-11D0-8D11-00A0C91BC942}") = "IGRA_LAB", "IGRA_LAB.vcxproj", "{6BC19691-2A4E-480C-9158-2AC9528D070C}"
EndProject
Global
	GlobalSection(SolutionConfigurationPlatforms) = preSolution
		Debug|x64 = Debug|x64
		Debug|x86 = Debug|x86
		Release|x64 = Release|x64
		Release|x86 = Release|x86
	EndGlobalSection
	GlobalSection(ProjectConfigurationPlatforms) = postSolution
		{6BC19691-2A4E-480C-9158-2AC9528D070C}.Debug|x64.ActiveCfg = Debug|x64
		{6BC19691-2A4E-480C-9158-2AC9528D070C}.Debug|x64.Build.0 = Debug|x64
		{6BC19691-2A4E-480C-9158-2AC9528D070C}.Debug|x86.ActiveCfg = Debug|Win32
		{6BC19691-2A4E-480C-9158-2AC9528D070C}.Debug|x86.Build.0 = Debug|Win32
		{6BC19691-2A4E-480C-9158-2AC9528D070C}.Release|x64.ActiveCfg = Release|x64
		{6BC19691-2A4E-480C-9158-2AC9528D070C}.Release|x64.Build.0 = Release|x64
		{6BC19691-2A4E-480C-9158-2AC9528D070C}.Release|x86.ActiveCfg = Release|Win32
		{6BC19691-2A4E-480C-9158-2AC9528D070C}.Release|x86.Build.0 = Release|Win32
	EndGlobalSection
	GlobalSection(SolutionProperties) = preSolution
		HideSolutionNode = FALSE
	EndGlobalSection
	GlobalSection(ExtensibilityGlobals) = postSolution
		SolutionGuid = {EC7B04BD-7C87-4173-91B2-D9757E4ADB97}
	EndGlobalSection
EndGlobal
